
Microsoft Visual Studio Solution File, Format Version 12.00
# Visual Studio Version 17
VisualStudioVersion = 17.11.35327.3
MinimumVisualStudioVersion = 10.0.40219.1
Project("{FAE04EC0-301F-11D3-BF4B-00C04F79EFBC}") = "Blazor-Demo", "Blazor-Demo.csproj", "{88B96067-6230-4A38-B463-86BEE7AE15F2}"
EndProject
Global
	GlobalSection(SolutionConfigurationPlatforms) = preSolution
		Debug|Any CPU = Debug|Any CPU
		Release|Any CPU = Release|Any CPU
	EndGlobalSection
	GlobalSection(ProjectConfigurationPlatforms) = postSolution
		{88B96067-6230-4A38-B463-86BEE7AE15F2}.Debug|Any CPU.ActiveCfg = Debug|Any CPU
		{88B96067-6230-4A38-B463-86BEE7AE15F2}.Debug|Any CPU.Build.0 = Debug|Any CPU
		{88B96067-6230-4A38-B463-86BEE7AE15F2}.Release|Any CPU.ActiveCfg = Release|Any CPU
		{88B96067-6230-4A38-B463-86BEE7AE15F2}.Release|Any CPU.Build.0 = Release|Any CPU
	EndGlobalSection
	GlobalSection(SolutionProperties) = preSolution
		HideSolutionNode = FALSE
	EndGlobalSection
	GlobalSection(ExtensibilityGlobals) = postSolution
		SolutionGuid = {9A370C96-E70A-4FBA-9F75-0FD405741ABF}
	EndGlobalSection
EndGlobal
